
Microsoft Visual Studio Solution File, Format Version 12.00
# Visual Studio Version 18
VisualStudioVersion = 18.3.11520.95 d18.3
MinimumVisualStudioVersion = 10.0.40219.1
Project("{FAE04EC0-301F-11D3-BF4B-00C04F79EFBC}") = "RoomBooking", "RoomBooking.csproj", "{40E24483-D144-88AF-3AFD-D19A40D8615B}"
EndProject
Global
	GlobalSection(SolutionConfigurationPlatforms) = preSolution
		Debug|Any CPU = Debug|Any CPU
		Release|Any CPU = Release|Any CPU
	EndGlobalSection
	GlobalSection(ProjectConfigurationPlatforms) = postSolution
		{40E24483-D144-88AF-3AFD-D19A40D8615B}.Debug|Any CPU.ActiveCfg = Debug|Any CPU
		{40E24483-D144-88AF-3AFD-D19A40D8615B}.Debug|Any CPU.Build.0 = Debug|Any CPU
		{40E24483-D144-88AF-3AFD-D19A40D8615B}.Release|Any CPU.ActiveCfg = Release|Any CPU
		{40E24483-D144-88AF-3AFD-D19A40D8615B}.Release|Any CPU.Build.0 = Release|Any CPU
	EndGlobalSection
	GlobalSection(SolutionProperties) = preSolution
		HideSolutionNode = FALSE
	EndGlobalSection
	GlobalSection(ExtensibilityGlobals) = postSolution
		SolutionGuid = {62DA4529-9F85-4097-B0D8-BAA82AFF2B96}
	EndGlobalSection
EndGlobal
